<?xml version="1.0" encoding="utf-8"?>
<Project ToolsVersion="4.0" xmlns="http://schemas.microsoft.com/developer/msbuild/2003">
  <ItemGroup>
    <Filter Include="Source Files">
      <UniqueIdentifier>{4FC737F1-C7A5-4376-A066-2A32D752A2FF}</UniqueIdentifier>
      <Extensions>cpp;c;cc;cxx;c++;cppm;ixx;def;odl;idl;hpj;bat;asm;asmx</Extensions>
    </Filter>
    <Filter Include="Engine">
      <UniqueIdentifier>{eb54df3a-f27b-4045-a96c-deebe15aca3e}</UniqueIdentifier>
    </Filter>
    <Filter Include="Tests">
      <UniqueIdentifier>{c93cd73f-279b-4712-9ca3-aac855d48bee}</UniqueIdentifier>
    </Filter>
    <Filter Include="Physics">
      <UniqueIdentifier>{fd43159b-8ef8-4981-ad61-1f78ae876051}</UniqueIdentifier>
    </Filter>
    <Filter Include="Physics\Collision">
      <UniqueIdentifier>{0270d0f5-4fb7-46f0-8140-e0a01e6134a7}</UniqueIdentifier>
    </Filter>
  </ItemGroup>
  <ItemGroup>
    <ClCompile Include="Engine\Graphics.cpp">
      <Filter>Engine</Filter>
    </ClCompile>
    <ClCompile Include="Engine\Input.cpp">
      <Filter>Engine</Filter>
    </ClCompile>
    <ClCompile Include="Engine\Primitives.cpp">
      <Filter>Engine</Filter>
    </ClCompile>
    <ClCompile Include="Engine\Time.cpp">
      <Filter>Engine</Filter>
    </ClCompile>
    <ClCompile Include="Physics\GravitationalGenerator.cpp">
      <Filter>Physics</Filter>
    </ClCompile>
    <ClCompile Include="Physics\Joint.cpp">
      <Filter>Physics</Filter>
    </ClCompile>
    <ClCompile Include="Physics\PointForce.cpp">
      <Filter>Physics</Filter>
    </ClCompile>
    <ClCompile Include="Physics\World.cpp">
      <Filter>Physics</Filter>
    </ClCompile>
    <ClCompile Include="Physics\AreaForce.cpp">
      <Filter>Physics</Filter>
    </ClCompile>
    <ClCompile Include="Physics\Body.cpp">
      <Filter>Physics</Filter>
    </ClCompile>
    <ClCompile Include="Physics\CircleShape.cpp">
      <Filter>Physics</Filter>
    </ClCompile>
    <ClCompile Include="Physics\DragForce.cpp">
      <Filter>Physics</Filter>
    </ClCompile>
    <ClCompile Include="Physics\ForceGenerator.cpp">
      <Filter>Physics</Filter>
    </ClCompile>
    <ClCompile Include="Physics\GravitationalForce.cpp">
      <Filter>Physics</Filter>
    </ClCompile>
    <ClCompile Include="Tests\ForceTest.cpp">
      <Filter>Tests</Filter>
    </ClCompile>
    <ClCompile Include="Tests\JointTest.cpp">
      <Filter>Tests</Filter>
    </ClCompile>
    <ClCompile Include="Tests\ParticleTest.cpp">
      <Filter>Tests</Filter>
    </ClCompile>
    <ClCompile Include="Tests\Test.cpp">
      <Filter>Tests</Filter>
    </ClCompile>
    <ClCompile Include="Main.cpp">
      <Filter>Source Files</Filter>
    </ClCompile>
    <ClCompile Include="Physics\Collision\Collision.cpp">
      <Filter>Physics\Collision</Filter>
    </ClCompile>
    <ClCompile Include="Tests\CollisionTest.cpp">
      <Filter>Tests</Filter>
    </ClCompile>
  </ItemGroup>
  <ItemGroup>
    <ClInclude Include="Engine\Graphics.h">
      <Filter>Engine</Filter>
    </ClInclude>
    <ClInclude Include="Engine\Input.h">
      <Filter>Engine</Filter>
    </ClInclude>
    <ClInclude Include="Engine\Primitives.h">
      <Filter>Engine</Filter>
    </ClInclude>
    <ClInclude Include="Engine\Random.h">
      <Filter>Engine</Filter>
    </ClInclude>
    <ClInclude Include="Engine\Time.h">
      <Filter>Engine</Filter>
    </ClInclude>
    <ClInclude Include="Physics\GravitationalGenerator.h">
      <Filter>Physics</Filter>
    </ClInclude>
    <ClInclude Include="Physics\Integrator.h">
      <Filter>Physics</Filter>
    </ClInclude>
    <ClInclude Include="Physics\Joint.h">
      <Filter>Physics</Filter>
    </ClInclude>
    <ClInclude Include="Physics\PointForce.h">
      <Filter>Physics</Filter>
    </ClInclude>
    <ClInclude Include="Physics\Shape.h">
      <Filter>Physics</Filter>
    </ClInclude>
    <ClInclude Include="Physics\World.h">
      <Filter>Physics</Filter>
    </ClInclude>
    <ClInclude Include="Physics\AreaForce.h">
      <Filter>Physics</Filter>
    </ClInclude>
    <ClInclude Include="Physics\Body.h">
      <Filter>Physics</Filter>
    </ClInclude>
    <ClInclude Include="Physics\CircleShape.h">
      <Filter>Physics</Filter>
    </ClInclude>
    <ClInclude Include="Physics\DragForce.h">
      <Filter>Physics</Filter>
    </ClInclude>
    <ClInclude Include="Physics\ForceGenerator.h">
      <Filter>Physics</Filter>
    </ClInclude>
    <ClInclude Include="Physics\GravitationalForce.h">
      <Filter>Physics</Filter>
    </ClInclude>
    <ClInclude Include="Tests\ForceTest.h">
      <Filter>Tests</Filter>
    </ClInclude>
    <ClInclude Include="Tests\JointTest.h">
      <Filter>Tests</Filter>
    </ClInclude>
    <ClInclude Include="Tests\ParticleTest.h">
      <Filter>Tests</Filter>
    </ClInclude>
    <ClInclude Include="Tests\Test.h">
      <Filter>Tests</Filter>
    </ClInclude>
    <ClInclude Include="Physics\Collision\Contact.h">
      <Filter>Physics\Collision</Filter>
    </ClInclude>
    <ClInclude Include="Physics\Collision\Collision.h">
      <Filter>Physics\Collision</Filter>
    </ClInclude>
    <ClInclude Include="Tests\CollisionTest.h">
      <Filter>Tests</Filter>
    </ClInclude>
  </ItemGroup>
</Project>